
Microsoft Visual Studio Solution File, Format Version 12.00
# Visual Studio Version 16
VisualStudioVersion = 16.0.33027.164
MinimumVisualStudioVersion = 10.0.40219.1
Project("{FAE04EC0-301F-11D3-BF4B-00C04F79EFBC}") = "DockAlignment", "DockAlignment\DockAlignment.csproj", "{5D04188F-9DB4-4EDD-BFDA-CAA22939C43E}"
EndProject
Global
	GlobalSection(SolutionConfigurationPlatforms) = preSolution
		Debug|x64 = Debug|x64
	EndGlobalSection
	GlobalSection(ProjectConfigurationPlatforms) = postSolution
		{5D04188F-9DB4-4EDD-BFDA-CAA22939C43E}.Debug|x64.ActiveCfg = Debug|x64
		{5D04188F-9DB4-4EDD-BFDA-CAA22939C43E}.Debug|x64.Build.0 = Debug|x64
	EndGlobalSection
	GlobalSection(SolutionProperties) = preSolution
		HideSolutionNode = FALSE
	EndGlobalSection
	GlobalSection(ExtensibilityGlobals) = postSolution
		SolutionGuid = {C0D29F4E-D398-409C-BF84-76EEADFA1FA7}
	EndGlobalSection
EndGlobal
